
Microsoft Visual Studio Solution File, Format Version 12.00
# Visual Studio Version 17
VisualStudioVersion = 17.2.32602.215
MinimumVisualStudioVersion = 10.0.40219.1
Project("{FAE04EC0-301F-11D3-BF4B-00C04F79EFBC}") = "SampleAPIs", "SampleAPIs\SampleAPIs.csproj", "{10D743A3-9D5A-4F26-B916-B596A263175D}"
EndProject
Global
	GlobalSection(SolutionConfigurationPlatforms) = preSolution
		Debug|Any CPU = Debug|Any CPU
		Release|Any CPU = Release|Any CPU
	EndGlobalSection
	GlobalSection(ProjectConfigurationPlatforms) = postSolution
		{10D743A3-9D5A-4F26-B916-B596A263175D}.Debug|Any CPU.ActiveCfg = Debug|Any CPU
		{10D743A3-9D5A-4F26-B916-B596A263175D}.Debug|Any CPU.Build.0 = Debug|Any CPU
		{10D743A3-9D5A-4F26-B916-B596A263175D}.Release|Any CPU.ActiveCfg = Release|Any CPU
		{10D743A3-9D5A-4F26-B916-B596A263175D}.Release|Any CPU.Build.0 = Release|Any CPU
	EndGlobalSection
	GlobalSection(SolutionProperties) = preSolution
		HideSolutionNode = FALSE
	EndGlobalSection
	GlobalSection(ExtensibilityGlobals) = postSolution
		SolutionGuid = {74A382E6-0AA6-400E-92C6-663B06B63B16}
	EndGlobalSection
EndGlobal
